// !$*UTF8*$!
{
	archiveVersion = 1;
	classes = {
	};
	objectVersion = 46;
	objects = {

/* Begin PBXBuildFile section */
		B065426F1CF414C200511441 /* StockTableViewCell.swift in Sources */ = {isa = PBXBuildFile; fileRef = B065426E1CF414C200511441 /* StockTableViewCell.swift */; };
		B0DE17F81CF3FCB900485170 /* AppDelegate.swift in Sources */ = {isa = PBXBuildFile; fileRef = B0DE17F71CF3FCB900485170 /* AppDelegate.swift */; };
		B0DE17FA1CF3FCB900485170 /* ViewController.swift in Sources */ = {isa = PBXBuildFile; fileRef = B0DE17F91CF3FCB900485170 /* ViewController.swift */; };
		B0DE17FD1CF3FCB900485170 /* Main.storyboard in Resources */ = {isa = PBXBuildFile; fileRef = B0DE17FB1CF3FCB900485170 /* Main.storyboard */; };
		B0DE17FF1CF3FCB900485170 /* Assets.xcassets in Resources */ = {isa = PBXBuildFile; fileRef = B0DE17FE1CF3FCB900485170 /* Assets.xcassets */; };
		B0DE18021CF3FCB900485170 /* LaunchScreen.storyboard in Resources */ = {isa = PBXBuildFile; fileRef = B0DE18001CF3FCB900485170 /* LaunchScreen.storyboard */; };
		B0DE180E1CF3FD9600485170 /* StockTableViewController.swift in Sources */ = {isa = PBXBuildFile; fileRef = B0DE180D1CF3FD9600485170 /* StockTableViewController.swift */; };
		B0DE18101CF3FFD100485170 /* EditTableViewController.swift in Sources */ = {isa = PBXBuildFile; fileRef = B0DE180F1CF3FFD100485170 /* EditTableViewController.swift */; };
/* End PBXBuildFile section */

/* Begin PBXFileReference section */
		B065426E1CF414C200511441 /* StockTableViewCell.swift */ = {isa = PBXFileReference; fileEncoding = 4; lastKnownFileType = sourcecode.swift; path = StockTableViewCell.swift; sourceTree = "<group>"; };
		B0DE17F41CF3FCB900485170 /* stockBS.app */ = {isa = PBXFileReference; explicitFileType = wrapper.application; includeInIndex = 0; path = stockBS.app; sourceTree = BUILT_PRODUCTS_DIR; };
		B0DE17F71CF3FCB900485170 /* AppDelegate.swift */ = {isa = PBXFileReference; lastKnownFileType = sourcecode.swift; path = AppDelegate.swift; sourceTree = "<group>"; };
		B0DE17F91CF3FCB900485170 /* ViewController.swift */ = {isa = PBXFileReference; lastKnownFileType = sourcecode.swift; path = ViewController.swift; sourceTree = "<group>"; };
		B0DE17FC1CF3FCB900485170 /* Base */ = {isa = PBXFileReference; lastKnownFileType = file.storyboard; name = Base; path = Base.lproj/Main.storyboard; sourceTree = "<group>"; };
		B0DE17FE1CF3FCB900485170 /* Assets.xcassets */ = {isa = PBXFileReference; lastKnownFileType = folder.assetcatalog; path = Assets.xcassets; sourceTree = "<group>"; };
		B0DE18011CF3FCB900485170 /* Base */ = {isa = PBXFileReference; lastKnownFileType = file.storyboard; name = Base; path = Base.lproj/LaunchScreen.storyboard; sourceTree = "<group>"; };
		B0DE18031CF3FCB900485170 /* Info.plist */ = {isa = PBXFileReference; lastKnownFileType = text.plist.xml; path = Info.plist; sourceTree = "<group>"; };
		B0DE180D1CF3FD9600485170 /* StockTableViewController.swift */ = {isa = PBXFileReference; fileEncoding = 4; lastKnownFileType = sourcecode.swift; path = StockTableViewController.swift; sourceTree = "<group>"; };
		B0DE180F1CF3FFD100485170 /* EditTableViewController.swift */ = {isa = PBXFileReference; fileEncoding = 4; lastKnownFileType = sourcecode.swift; path = EditTableViewController.swift; sourceTree = "<group>"; };
/* End PBXFileReference section */

/* Begin PBXFrameworksBuildPhase section */
		B0DE17F11CF3FCB900485170 /* Frameworks */ = {
			isa = PBXFrameworksBuildPhase;
			buildActionMask = 2147483647;
			files = (
			);
			runOnlyForDeploymentPostprocessing = 0;
		};
/* End PBXFrameworksBuildPhase section */

/* Begin PBXGroup section */
		B0DE17EB1CF3FCB900485170 = {
			isa = PBXGroup;
			children = (
				B065426E1CF414C200511441 /* StockTableViewCell.swift */,
				B0DE17F61CF3FCB900485170 /* stockBS */,
				B0DE17F51CF3FCB900485170 /* Products */,
			);
			sourceTree = "<group>";
		};
		B0DE17F51CF3FCB900485170 /* Products */ = {
			isa = PBXGroup;
			children = (
				B0DE17F41CF3FCB900485170 /* stockBS.app */,
			);
			name = Products;
			sourceTree = "<group>";
		};
		B0DE17F61CF3FCB900485170 /* stockBS */ = {
			isa = PBXGroup;
			children = (
				B0DE17F71CF3FCB900485170 /* AppDelegate.swift */,
				B0DE17F91CF3FCB900485170 /* ViewController.swift */,
				B0DE17FB1CF3FCB900485170 /* Main.storyboard */,
				B0DE180F1CF3FFD100485170 /* EditTableViewController.swift */,
				B0DE180D1CF3FD9600485170 /* StockTableViewController.swift */,
				B0DE17FE1CF3FCB900485170 /* Assets.xcassets */,
				B0DE18001CF3FCB900485170 /* LaunchScreen.storyboard */,
				B0DE18031CF3FCB900485170 /* Info.plist */,
			);
			path = stockBS;
			sourceTree = "<group>";
		};
/* End PBXGroup section */

/* Begin PBXNativeTarget section */
		B0DE17F31CF3FCB900485170 /* stockBS */ = {
			isa = PBXNativeTarget;
			buildConfigurationList = B0DE18061CF3FCB900485170 /* Build configuration list for PBXNativeTarget "stockBS" */;
			buildPhases = (
				B0DE17F01CF3FCB900485170 /* Sources */,
				B0DE17F11CF3FCB900485170 /* Frameworks */,
				B0DE17F21CF3FCB900485170 /* Resources */,
			);
			buildRules = (
			);
			dependencies = (
			);
			name = stockBS;
			productName = stockBS;
			productReference = B0DE17F41CF3FCB900485170 /* stockBS.app */;
			productType = "com.apple.product-type.application";
		};
/* End PBXNativeTarget section */

/* Begin PBXProject section */
		B0DE17EC1CF3FCB900485170 /* Project object */ = {
			isa = PBXProject;
			attributes = {
				LastSwiftUpdateCheck = 0730;
				LastUpgradeCheck = 0730;
				ORGANIZATIONNAME = ka666wang;
				TargetAttributes = {
					B0DE17F31CF3FCB900485170 = {
						CreatedOnToolsVersion = 7.3;
						DevelopmentTeam = V8P5G2K3FN;
					};
				};
			};
			buildConfigurationList = B0DE17EF1CF3FCB900485170 /* Build configuration list for PBXProject "stockBS" */;
			compatibilityVersion = "Xcode 3.2";
			developmentRegion = English;
			hasScannedForEncodings = 0;
			knownRegions = (
				en,
				Base,
			);
			mainGroup = B0DE17EB1CF3FCB900485170;
			productRefGroup = B0DE17F51CF3FCB900485170 /* Products */;
			projectDirPath = "";
			projectRoot = "";
			targets = (
				B0DE17F31CF3FCB900485170 /* stockBS */,
			);
		};
/* End PBXProject section */

/* Begin PBXResourcesBuildPhase section */
		B0DE17F21CF3FCB900485170 /* Resources */ = {
			isa = PBXResourcesBuildPhase;
			buildActionMask = 2147483647;
			files = (
				B0DE18021CF3FCB900485170 /* LaunchScreen.storyboard in Resources */,
				B0DE17FF1CF3FCB900485170 /* Assets.xcassets in Resources */,
				B0DE17FD1CF3FCB900485170 /* Main.storyboard in Resources */,
			);
			runOnlyForDeploymentPostprocessing = 0;
		};
/* End PBXResourcesBuildPhase section */

/* Begin PBXSourcesBuildPhase section */
		B0DE17F01CF3FCB900485170 /* Sources */ = {
			isa = PBXSourcesBuildPhase;
			buildActionMask = 2147483647;
			files = (
				B065426F1CF414C200511441 /* StockTableViewCell.swift in Sources */,
				B0DE180E1CF3FD9600485170 /* StockTableViewController.swift in Sources */,
				B0DE18101CF3FFD100485170 /* EditTableViewController.swift in Sources */,
				B0DE17FA1CF3FCB900485170 /* ViewController.swift in Sources */,
				B0DE17F81CF3FCB900485170 /* AppDelegate.swift in Sources */,
			);
			runOnlyForDeploymentPostprocessing = 0;
		};
/* End PBXSourcesBuildPhase section */

/* Begin PBXVariantGroup section */
		B0DE17FB1CF3FCB900485170 /* Main.storyboard */ = {
			isa = PBXVariantGroup;
			children = (
				B0DE17FC1CF3FCB900485170 /* Base */,
			);
			name = Main.storyboard;
			sourceTree = "<group>";
		};
		B0DE18001CF3FCB900485170 /* LaunchScreen.storyboard */ = {
			isa = PBXVariantGroup;
			children = (
				B0DE18011CF3FCB900485170 /* Base */,
			);
			name = LaunchScreen.storyboard;
			sourceTree = "<group>";
		};
/* End PBXVariantGroup section */

/* Begin XCBuildConfiguration section */
		B0DE18041CF3FCB900485170 /* Debug */ = {
			isa = XCBuildConfiguration;
			buildSettings = {
				ALWAYS_SEARCH_USER_PATHS = NO;
				CLANG_ANALYZER_NONNULL = YES;
				CLANG_CXX_LANGUAGE_STANDARD = "gnu++0x";
				CLANG_CXX_LIBRARY = "libc++";
				CLANG_ENABLE_MODULES = YES;
				CLANG_ENABLE_OBJC_ARC = YES;
				CLANG_WARN_BOOL_CONVERSION = YES;
				CLANG_WARN_CONSTANT_CONVERSION = YES;
				CLANG_WARN_DIRECT_OBJC_ISA_USAGE = YES_ERROR;
				CLANG_WARN_EMPTY_BODY = YES;
				CLANG_WARN_ENUM_CONVERSION = YES;
				CLANG_WARN_INT_CONVERSION = YES;
				CLANG_WARN_OBJC_ROOT_CLASS = YES_ERROR;
				CLANG_WARN_UNREACHABLE_CODE = YES;
				CLANG_WARN__DUPLICATE_METHOD_MATCH = YES;
				"CODE_SIGN_IDENTITY[sdk=iphoneos*]" = "iPhone Developer";
				COPY_PHASE_STRIP = NO;
				DEBUG_INFORMATION_FORMAT = dwarf;
				ENABLE_STRICT_OBJC_MSGSEND = YES;
				ENABLE_TESTABILITY = YES;
				GCC_C_LANGUAGE_STANDARD = gnu99;
				GCC_DYNAMIC_NO_PIC = NO;
				GCC_NO_COMMON_BLOCKS = YES;
				GCC_OPTIMIZATION_LEVEL = 0;
				GCC_PREPROCESSOR_DEFINITIONS = (
					"DEBUG=1",
					"$(inherited)",
				);
				GCC_WARN_64_TO_32_BIT_CONVERSION = YES;
				GCC_WARN_ABOUT_RETURN_TYPE = YES_ERROR;
				GCC_WARN_UNDECLARED_SELECTOR = YES;
				GCC_WARN_UNINITIALIZED_AUTOS = YES_AGGRESSIVE;
				GCC_WARN_UNUSED_FUNCTION = YES;
				GCC_WARN_UNUSED_VARIABLE = YES;
				IPHONEOS_DEPLOYMENT_TARGET = 9.3;
				MTL_ENABLE_DEBUG_INFO = YES;
				ONLY_ACTIVE_ARCH = YES;
				SDKROOT = iphoneos;
				SWIFT_OPTIMIZATION_LEVEL = "-Onone";
			};
			name = Debug;
		};
		B0DE18051CF3FCB900485170 /* Release */ = {
			isa = XCBuildConfiguration;
			buildSettings = {
				ALWAYS_SEARCH_USER_PATHS = NO;
				CLANG_ANALYZER_NONNULL = YES;
				CLANG_CXX_LANGUAGE_STANDARD = "gnu++0x";
				CLANG_CXX_LIBRARY = "libc++";
				CLANG_ENABLE_MODULES = YES;
				CLANG_ENABLE_OBJC_ARC = YES;
				CLANG_WARN_BOOL_CONVERSION = YES;
				CLANG_WARN_CONSTANT_CONVERSION = YES;
				CLANG_WARN_DIRECT_OBJC_ISA_USAGE = YES_ERROR;
				CLANG_WARN_EMPTY_BODY = YES;
				CLANG_WARN_ENUM_CONVERSION = YES;
				CLANG_WARN_INT_CONVERSION = YES;
				CLANG_WARN_OBJC_ROOT_CLASS = YES_ERROR;
				CLANG_WARN_UNREACHABLE_CODE = YES;
				CLANG_WARN__DUPLICATE_METHOD_MATCH = YES;
				"CODE_SIGN_IDENTITY[sdk=iphoneos*]" = "iPhone Developer";
				COPY_PHASE_STRIP = NO;
				DEBUG_INFORMATION_FORMAT = "dwarf-with-dsym";
				ENABLE_NS_ASSERTIONS = NO;
				ENABLE_STRICT_OBJC_MSGSEND = YES;
				GCC_C_LANGUAGE_STANDARD = gnu99;
				GCC_NO_COMMON_BLOCKS = YES;
				GCC_WARN_64_TO_32_BIT_CONVERSION = YES;
				GCC_WARN_ABOUT_RETURN_TYPE = YES_ERROR;
				GCC_WARN_UNDECLARED_SELECTOR = YES;
				GCC_WARN_UNINITIALIZED_AUTOS = YES_AGGRESSIVE;
				GCC_WARN_UNUSED_FUNCTION = YES;
				GCC_WARN_UNUSED_VARIABLE = YES;
				IPHONEOS_DEPLOYMENT_TARGET = 9.3;
				MTL_ENABLE_DEBUG_INFO = NO;
				SDKROOT = iphoneos;
				VALIDATE_PRODUCT = YES;
			};
			name = Release;
		};
		B0DE18071CF3FCB900485170 /* Debug */ = {
			isa = XCBuildConfiguration;
			buildSettings = {
				ASSETCATALOG_COMPILER_APPICON_NAME = AppIcon;
				INFOPLIST_FILE = stockBS/Info.plist;
				LD_RUNPATH_SEARCH_PATHS = "$(inherited) @executable_path/Frameworks";
				PRODUCT_BUNDLE_IDENTIFIER = one.apps.stockBS;
				PRODUCT_NAME = "$(TARGET_NAME)";
			};
			name = Debug;
		};
		B0DE18081CF3FCB900485170 /* Release */ = {
			isa = XCBuildConfiguration;
			buildSettings = {
				ASSETCATALOG_COMPILER_APPICON_NAME = AppIcon;
				INFOPLIST_FILE = stockBS/Info.plist;
				LD_RUNPATH_SEARCH_PATHS = "$(inherited) @executable_path/Frameworks";
				PRODUCT_BUNDLE_IDENTIFIER = one.apps.stockBS;
				PRODUCT_NAME = "$(TARGET_NAME)";
			};
			name = Release;
		};
/* End XCBuildConfiguration section */

/* Begin XCConfigurationList section */
		B0DE17EF1CF3FCB900485170 /* Build configuration list for PBXProject "stockBS" */ = {
			isa = XCConfigurationList;
			buildConfigurations = (
				B0DE18041CF3FCB900485170 /* Debug */,
				B0DE18051CF3FCB900485170 /* Release */,
			);
			defaultConfigurationIsVisible = 0;
			defaultConfigurationName = Release;
		};
		B0DE18061CF3FCB900485170 /* Build configuration list for PBXNativeTarget "stockBS" */ = {
			isa = XCConfigurationList;
			buildConfigurations = (
				B0DE18071CF3FCB900485170 /* Debug */,
				B0DE18081CF3FCB900485170 /* Release */,
			);
			defaultConfigurationIsVisible = 0;
			defaultConfigurationName = Release;
		};
/* End XCConfigurationList section */
	};
	rootObject = B0DE17EC1CF3FCB900485170 /* Project object */;
}
